github.com/M-Quadra/go-imagehash v0.0.0-20210713232504-f075e8fe1cba h1:Apenm87cQsK2OlCEoXh3nqwYuou7trGlwXDBTzBctA4=
github.com/M-Quadra/go-imagehash v0.0.0-20210713232504-f075e8fe1cba/go.mod h1:j/siIGgk2XRWsCpeDClq3tPOWtgrOjNAzhN8lTpbqGA=
github.com/M-Quadra/kazaana/v2 v2.0.0/go.mod h1:FYrI09ms3ONSjzWw7seVsTdf5tGzqJqD4Mc9gtp2Akg=
github.com/corona10/goimagehash v1.0.3 h1:NZM518aKLmoNluluhfHGxT3LGOnrojrxhGn63DR/CZA=
github.com/corona10/goimagehash v1.0.3/go.mod h1:VkvE0mLn84L4aF8vCb6mafVajEb6QYMHl2ZJLn0mOGI=
github.com/devedge/imagehash v0.0.0-20180324030135-7061aa3b4066 h1:+QbuEqZjC9bIWKkf73EQ5oaIA7g/lB6fE7uFuEV0SeY=
github.com/devedge/imagehash v0.0.0-20180324030135-7061aa3b4066/go.mod h1:FdoOQDHSR0xYTQCl+G8ZhqsB5dKYbyxVWUoUFW7F0Lw=
github.com/disintegration/imaging v1.6.2 h1:w1LecBlG2Lnp8B3jk5zSuNqd7b4DXhcjwek1ei82L+c=
github.com/disintegration/imaging v1.6.2/go.mod h1:44/5580QXChDfwIclfc/PCwrr44amcmDAg8hxG0Ewe4=
github.com/fumiama/go-base16384 v1.1.0 h1:4npregEpgJ4HtHYNMcw7eabSSO8GIqfG3xGZWtcYcIA=
github.com/fumiama/go-base16384 v1.1.0/go.mod h1:YCaxEQyBX717X2lMlJvdccNhA83zhKRR/ipPOIIIQj8=
github.com/kolesa-team/go-webp v1.0.0 h1:HFE7NhW1jkM59HgUwRdcSJ+VVZz7F1RZk6VFY27YZpQ=
github.com/kolesa-team/go-webp v1.0.0/go.mod h1:P0sDD6OLl4jBVcwCcYRuu1C+kUrR4V19LYWs+yV3UcY=
github.com/nfnt/resize v0.0.0-20180221191011-83c6a9932646 h1:zYyBkD/k9seD2A7fsi6Oo2LfFZAehjjQMERAvZLEDnQ=
github.com/nfnt/resize v0.0.0-20180221191011-83c6a9932646/go.mod h1:jpp1/29i3P1S/RLdc7JQKbRpFeM1dOBd8T9ki5s+AY8=
golang.org/x/image v0.0.0-20191009234506-e7c1f5e7dbb8/go.mod h1:FeLwcggjj3mMvU+oOTbSwawSJRM1uh48EjtB4UJZlP0=
golang.org/x/image v0.0.0-20210607152325-775e3b0c77b9/go.mod h1:023OzeP/+EPmXeapQh35lcL3II3LrY8Ic+EFFKVhULM=
golang.org/x/image v0.0.0-20210628002857-a66eb6448b8d h1:RNPAfi2nHY7C2srAV8A49jpsYr0ADedCk1wq6fTMTvs=
golang.org/x/image v0.0.0-20210628002857-a66eb6448b8d/go.mod h1:023OzeP/+EPmXeapQh35lcL3II3LrY8Ic+EFFKVhULM=
golang.org/x/text v0.3.0/go.mod h1:NqM8EUOU14njkJ3fqMW+pc6Ldnwhi/IjpwHt7yyuwOQ=
golang.org/x/text v0.3.6 h1:aRYxNxv6iGQlyVaZmk6ZgYEDa+Jg18DxebPSrd6bg1M=
golang.org/x/text v0.3.6/go.mod h1:5Zoc/QRtKVWzQhOtBMvqHzDpF6irO9z98xDceosuGiQ=
golang.org/x/tools v0.0.0-20180917221912-90fa682c2a6e/go.mod h1:n7NCudcB/nEzxVGmLbDWY5pfWTLqBcC2KZ6jyYvM4mQ=
