github.com/corona10/goimagehash v1.0.3 h1:NZM518aKLmoNluluhfHGxT3LGOnrojrxhGn63DR/CZA=
github.com/corona10/goimagehash v1.0.3/go.mod h1:VkvE0mLn84L4aF8vCb6mafVajEb6QYMHl2ZJLn0mOGI=
github.com/fumiama/go-base16384 v1.1.0 h1:4npregEpgJ4HtHYNMcw7eabSSO8GIqfG3xGZWtcYcIA=
github.com/fumiama/go-base16384 v1.1.0/go.mod h1:YCaxEQyBX717X2lMlJvdccNhA83zhKRR/ipPOIIIQj8=
github.com/kolesa-team/go-webp v0.0.2 h1:DgOFb4k7H1LZhwoTj10TNknDcps3yHgQOJABgdICTgo=
github.com/kolesa-team/go-webp v0.0.2/go.mod h1:qR0MO6H/lZJynpO43X50OJggwwBKnaUTD4V1D37U9PI=
github.com/nfnt/resize v0.0.0-20180221191011-83c6a9932646 h1:zYyBkD/k9seD2A7fsi6Oo2LfFZAehjjQMERAvZLEDnQ=
github.com/nfnt/resize v0.0.0-20180221191011-83c6a9932646/go.mod h1:jpp1/29i3P1S/RLdc7JQKbRpFeM1dOBd8T9ki5s+AY8=
golang.org/x/text v0.3.6 h1:aRYxNxv6iGQlyVaZmk6ZgYEDa+Jg18DxebPSrd6bg1M=
golang.org/x/text v0.3.6/go.mod h1:5Zoc/QRtKVWzQhOtBMvqHzDpF6irO9z98xDceosuGiQ=
golang.org/x/tools v0.0.0-20180917221912-90fa682c2a6e/go.mod h1:n7NCudcB/nEzxVGmLbDWY5pfWTLqBcC2KZ6jyYvM4mQ=
